
Microsoft Visual Studio Solution File, Format Version 12.00
# Visual Studio 14
VisualStudioVersion = 14.0.24627.0
MinimumVisualStudioVersion = 10.0.40219.1
Project("{FAE04EC0-301F-11D3-BF4B-00C04F79EFBC}") = "UnitTestProject", "UnitTestProject\UnitTestProject.csproj", "{5D7F5F66-FE96-4468-9C12-3724747F1CAD}"
EndProject
Project("{FAE04EC0-301F-11D3-BF4B-00C04F79EFBC}") = "DynamicConfig", "DynamicConfig\DynamicConfig.csproj", "{968DE415-EF45-4C22-AA67-9F352ECA5BDA}"
EndProject
Project("{FAE04EC0-301F-11D3-BF4B-00C04F79EFBC}") = "ConstantGenerator", "ConstantGenerator\ConstantGenerator.csproj", "{72609F1D-8F23-495E-8EA3-C6A8CC648BF1}"
EndProject
Project("{FAE04EC0-301F-11D3-BF4B-00C04F79EFBC}") = "YamlMerger", "YamlMerger\YamlMerger.csproj", "{4FA1078B-BC5F-4677-B146-8BB427539021}"
EndProject
Global
	GlobalSection(SolutionConfigurationPlatforms) = preSolution
		Debug|Any CPU = Debug|Any CPU
		Release|Any CPU = Release|Any CPU
	EndGlobalSection
	GlobalSection(ProjectConfigurationPlatforms) = postSolution
		{5D7F5F66-FE96-4468-9C12-3724747F1CAD}.Debug|Any CPU.ActiveCfg = Debug|Any CPU
		{5D7F5F66-FE96-4468-9C12-3724747F1CAD}.Debug|Any CPU.Build.0 = Debug|Any CPU
		{5D7F5F66-FE96-4468-9C12-3724747F1CAD}.Release|Any CPU.ActiveCfg = Release|Any CPU
		{5D7F5F66-FE96-4468-9C12-3724747F1CAD}.Release|Any CPU.Build.0 = Release|Any CPU
		{968DE415-EF45-4C22-AA67-9F352ECA5BDA}.Debug|Any CPU.ActiveCfg = Debug|Any CPU
		{968DE415-EF45-4C22-AA67-9F352ECA5BDA}.Debug|Any CPU.Build.0 = Debug|Any CPU
		{968DE415-EF45-4C22-AA67-9F352ECA5BDA}.Release|Any CPU.ActiveCfg = Release|Any CPU
		{968DE415-EF45-4C22-AA67-9F352ECA5BDA}.Release|Any CPU.Build.0 = Release|Any CPU
		{72609F1D-8F23-495E-8EA3-C6A8CC648BF1}.Debug|Any CPU.ActiveCfg = Debug|Any CPU
		{72609F1D-8F23-495E-8EA3-C6A8CC648BF1}.Debug|Any CPU.Build.0 = Debug|Any CPU
		{72609F1D-8F23-495E-8EA3-C6A8CC648BF1}.Release|Any CPU.ActiveCfg = Release|Any CPU
		{72609F1D-8F23-495E-8EA3-C6A8CC648BF1}.Release|Any CPU.Build.0 = Release|Any CPU
		{4FA1078B-BC5F-4677-B146-8BB427539021}.Debug|Any CPU.ActiveCfg = Debug|Any CPU
		{4FA1078B-BC5F-4677-B146-8BB427539021}.Debug|Any CPU.Build.0 = Debug|Any CPU
		{4FA1078B-BC5F-4677-B146-8BB427539021}.Release|Any CPU.ActiveCfg = Release|Any CPU
		{4FA1078B-BC5F-4677-B146-8BB427539021}.Release|Any CPU.Build.0 = Release|Any CPU
	EndGlobalSection
	GlobalSection(SolutionProperties) = preSolution
		HideSolutionNode = FALSE
	EndGlobalSection
EndGlobal
